// !$*UTF8*$!
{
	archiveVersion = 1;
	classes = {
	};
	objectVersion = 55;
	objects = {

/* Begin PBXBuildFile section */
		6343CDA5274EF8BB008B2140 /* AppDelegate.swift in Sources */ = {isa = PBXBuildFile; fileRef = 6343CDA4274EF8BB008B2140 /* AppDelegate.swift */; };
		6343CDA7274EF8BB008B2140 /* GameScene.sks in Resources */ = {isa = PBXBuildFile; fileRef = 6343CDA6274EF8BB008B2140 /* GameScene.sks */; };
		6343CDA9274EF8BB008B2140 /* Actions.sks in Resources */ = {isa = PBXBuildFile; fileRef = 6343CDA8274EF8BB008B2140 /* Actions.sks */; };
		6343CDAB274EF8BB008B2140 /* GameScene.swift in Sources */ = {isa = PBXBuildFile; fileRef = 6343CDAA274EF8BB008B2140 /* GameScene.swift */; };
		6343CDAD274EF8BB008B2140 /* GameViewController.swift in Sources */ = {isa = PBXBuildFile; fileRef = 6343CDAC274EF8BB008B2140 /* GameViewController.swift */; };
		6343CDB0274EF8BB008B2140 /* Main.storyboard in Resources */ = {isa = PBXBuildFile; fileRef = 6343CDAE274EF8BB008B2140 /* Main.storyboard */; };
		6343CDB2274EF8BD008B2140 /* Assets.xcassets in Resources */ = {isa = PBXBuildFile; fileRef = 6343CDB1274EF8BD008B2140 /* Assets.xcassets */; };
		6343CDB5274EF8BD008B2140 /* LaunchScreen.storyboard in Resources */ = {isa = PBXBuildFile; fileRef = 6343CDB3274EF8BD008B2140 /* LaunchScreen.storyboard */; };
		6343CDBF274EF8BE008B2140 /* TagzTests.swift in Sources */ = {isa = PBXBuildFile; fileRef = 6343CDBE274EF8BE008B2140 /* TagzTests.swift */; };
		6343CDC9274EF8BE008B2140 /* TagzUITests.swift in Sources */ = {isa = PBXBuildFile; fileRef = 6343CDC8274EF8BE008B2140 /* TagzUITests.swift */; };
		6343CDCB274EF8BE008B2140 /* TagzUITestsLaunchTests.swift in Sources */ = {isa = PBXBuildFile; fileRef = 6343CDCA274EF8BE008B2140 /* TagzUITestsLaunchTests.swift */; };
		6343CDD8274EFF41008B2140 /* AnalogJoystick.swift in Sources */ = {isa = PBXBuildFile; fileRef = 6343CDD7274EFF41008B2140 /* AnalogJoystick.swift */; };
		634C7F6327581AB1006900FB /* GameOver.sks in Resources */ = {isa = PBXBuildFile; fileRef = 634C7F6227581AB1006900FB /* GameOver.sks */; };
		634C7F6527581C6A006900FB /* GameOverScene.swift in Sources */ = {isa = PBXBuildFile; fileRef = 634C7F6427581C6A006900FB /* GameOverScene.swift */; };
/* End PBXBuildFile section */

/* Begin PBXContainerItemProxy section */
		6343CDBB274EF8BE008B2140 /* PBXContainerItemProxy */ = {
			isa = PBXContainerItemProxy;
			containerPortal = 6343CD99274EF8BB008B2140 /* Project object */;
			proxyType = 1;
			remoteGlobalIDString = 6343CDA0274EF8BB008B2140;
			remoteInfo = Tagz;
		};
		6343CDC5274EF8BE008B2140 /* PBXContainerItemProxy */ = {
			isa = PBXContainerItemProxy;
			containerPortal = 6343CD99274EF8BB008B2140 /* Project object */;
			proxyType = 1;
			remoteGlobalIDString = 6343CDA0274EF8BB008B2140;
			remoteInfo = Tagz;
		};
/* End PBXContainerItemProxy section */

/* Begin PBXFileReference section */
		6343CDA1274EF8BB008B2140 /* Tagz.app */ = {isa = PBXFileReference; explicitFileType = wrapper.application; includeInIndex = 0; path = Tagz.app; sourceTree = BUILT_PRODUCTS_DIR; };
		6343CDA4274EF8BB008B2140 /* AppDelegate.swift */ = {isa = PBXFileReference; lastKnownFileType = sourcecode.swift; path = AppDelegate.swift; sourceTree = "<group>"; };
		6343CDA6274EF8BB008B2140 /* GameScene.sks */ = {isa = PBXFileReference; lastKnownFileType = file.sks; path = GameScene.sks; sourceTree = "<group>"; };
		6343CDA8274EF8BB008B2140 /* Actions.sks */ = {isa = PBXFileReference; lastKnownFileType = file.sks; path = Actions.sks; sourceTree = "<group>"; };
		6343CDAA274EF8BB008B2140 /* GameScene.swift */ = {isa = PBXFileReference; lastKnownFileType = sourcecode.swift; path = GameScene.swift; sourceTree = "<group>"; };
		6343CDAC274EF8BB008B2140 /* GameViewController.swift */ = {isa = PBXFileReference; lastKnownFileType = sourcecode.swift; path = GameViewController.swift; sourceTree = "<group>"; };
		6343CDAF274EF8BB008B2140 /* Base */ = {isa = PBXFileReference; lastKnownFileType = file.storyboard; name = Base; path = Base.lproj/Main.storyboard; sourceTree = "<group>"; };
		6343CDB1274EF8BD008B2140 /* Assets.xcassets */ = {isa = PBXFileReference; lastKnownFileType = folder.assetcatalog; path = Assets.xcassets; sourceTree = "<group>"; };
		6343CDB4274EF8BD008B2140 /* Base */ = {isa = PBXFileReference; lastKnownFileType = file.storyboard; name = Base; path = Base.lproj/LaunchScreen.storyboard; sourceTree = "<group>"; };
		6343CDBA274EF8BE008B2140 /* TagzTests.xctest */ = {isa = PBXFileReference; explicitFileType = wrapper.cfbundle; includeInIndex = 0; path = TagzTests.xctest; sourceTree = BUILT_PRODUCTS_DIR; };
		6343CDBE274EF8BE008B2140 /* TagzTests.swift */ = {isa = PBXFileReference; lastKnownFileType = sourcecode.swift; path = TagzTests.swift; sourceTree = "<group>"; };
		6343CDC4274EF8BE008B2140 /* TagzUITests.xctest */ = {isa = PBXFileReference; explicitFileType = wrapper.cfbundle; includeInIndex = 0; path = TagzUITests.xctest; sourceTree = BUILT_PRODUCTS_DIR; };
		6343CDC8274EF8BE008B2140 /* TagzUITests.swift */ = {isa = PBXFileReference; lastKnownFileType = sourcecode.swift; path = TagzUITests.swift; sourceTree = "<group>"; };
		6343CDCA274EF8BE008B2140 /* TagzUITestsLaunchTests.swift */ = {isa = PBXFileReference; lastKnownFileType = sourcecode.swift; path = TagzUITestsLaunchTests.swift; sourceTree = "<group>"; };
		6343CDD7274EFF41008B2140 /* AnalogJoystick.swift */ = {isa = PBXFileReference; lastKnownFileType = sourcecode.swift; path = AnalogJoystick.swift; sourceTree = "<group>"; };
		634C7F6227581AB1006900FB /* GameOver.sks */ = {isa = PBXFileReference; lastKnownFileType = file.sks; path = GameOver.sks; sourceTree = "<group>"; };
		634C7F6427581C6A006900FB /* GameOverScene.swift */ = {isa = PBXFileReference; lastKnownFileType = sourcecode.swift; path = GameOverScene.swift; sourceTree = "<group>"; };
/* End PBXFileReference section */

/* Begin PBXFrameworksBuildPhase section */
		6343CD9E274EF8BB008B2140 /* Frameworks */ = {
			isa = PBXFrameworksBuildPhase;
			buildActionMask = 2147483647;
			files = (
			);
			runOnlyForDeploymentPostprocessing = 0;
		};
		6343CDB7274EF8BE008B2140 /* Frameworks */ = {
			isa = PBXFrameworksBuildPhase;
			buildActionMask = 2147483647;
			files = (
			);
			runOnlyForDeploymentPostprocessing = 0;
		};
		6343CDC1274EF8BE008B2140 /* Frameworks */ = {
			isa = PBXFrameworksBuildPhase;
			buildActionMask = 2147483647;
			files = (
			);
			runOnlyForDeploymentPostprocessing = 0;
		};
/* End PBXFrameworksBuildPhase section */

/* Begin PBXGroup section */
		6343CD98274EF8BB008B2140 = {
			isa = PBXGroup;
			children = (
				6343CDA3274EF8BB008B2140 /* Tagz */,
				6343CDBD274EF8BE008B2140 /* TagzTests */,
				6343CDC7274EF8BE008B2140 /* TagzUITests */,
				6343CDA2274EF8BB008B2140 /* Products */,
			);
			sourceTree = "<group>";
		};
		6343CDA2274EF8BB008B2140 /* Products */ = {
			isa = PBXGroup;
			children = (
				6343CDA1274EF8BB008B2140 /* Tagz.app */,
				6343CDBA274EF8BE008B2140 /* TagzTests.xctest */,
				6343CDC4274EF8BE008B2140 /* TagzUITests.xctest */,
			);
			name = Products;
			sourceTree = "<group>";
		};
		6343CDA3274EF8BB008B2140 /* Tagz */ = {
			isa = PBXGroup;
			children = (
				6343CDA4274EF8BB008B2140 /* AppDelegate.swift */,
				6343CDA6274EF8BB008B2140 /* GameScene.sks */,
				634C7F6227581AB1006900FB /* GameOver.sks */,
				6343CDA8274EF8BB008B2140 /* Actions.sks */,
				6343CDAA274EF8BB008B2140 /* GameScene.swift */,
				634C7F6427581C6A006900FB /* GameOverScene.swift */,
				6343CDAC274EF8BB008B2140 /* GameViewController.swift */,
				6343CDD7274EFF41008B2140 /* AnalogJoystick.swift */,
				6343CDAE274EF8BB008B2140 /* Main.storyboard */,
				6343CDB1274EF8BD008B2140 /* Assets.xcassets */,
				6343CDB3274EF8BD008B2140 /* LaunchScreen.storyboard */,
			);
			path = Tagz;
			sourceTree = "<group>";
		};
		6343CDBD274EF8BE008B2140 /* TagzTests */ = {
			isa = PBXGroup;
			children = (
				6343CDBE274EF8BE008B2140 /* TagzTests.swift */,
			);
			path = TagzTests;
			sourceTree = "<group>";
		};
		6343CDC7274EF8BE008B2140 /* TagzUITests */ = {
			isa = PBXGroup;
			children = (
				6343CDC8274EF8BE008B2140 /* TagzUITests.swift */,
				6343CDCA274EF8BE008B2140 /* TagzUITestsLaunchTests.swift */,
			);
			path = TagzUITests;
			sourceTree = "<group>";
		};
/* End PBXGroup section */

/* Begin PBXNativeTarget section */
		6343CDA0274EF8BB008B2140 /* Tagz */ = {
			isa = PBXNativeTarget;
			buildConfigurationList = 6343CDCE274EF8BE008B2140 /* Build configuration list for PBXNativeTarget "Tagz" */;
			buildPhases = (
				6343CD9D274EF8BB008B2140 /* Sources */,
				6343CD9E274EF8BB008B2140 /* Frameworks */,
				6343CD9F274EF8BB008B2140 /* Resources */,
			);
			buildRules = (
			);
			dependencies = (
			);
			name = Tagz;
			productName = Tagz;
			productReference = 6343CDA1274EF8BB008B2140 /* Tagz.app */;
			productType = "com.apple.product-type.application";
		};
		6343CDB9274EF8BE008B2140 /* TagzTests */ = {
			isa = PBXNativeTarget;
			buildConfigurationList = 6343CDD1274EF8BE008B2140 /* Build configuration list for PBXNativeTarget "TagzTests" */;
			buildPhases = (
				6343CDB6274EF8BE008B2140 /* Sources */,
				6343CDB7274EF8BE008B2140 /* Frameworks */,
				6343CDB8274EF8BE008B2140 /* Resources */,
			);
			buildRules = (
			);
			dependencies = (
				6343CDBC274EF8BE008B2140 /* PBXTargetDependency */,
			);
			name = TagzTests;
			productName = TagzTests;
			productReference = 6343CDBA274EF8BE008B2140 /* TagzTests.xctest */;
			productType = "com.apple.product-type.bundle.unit-test";
		};
		6343CDC3274EF8BE008B2140 /* TagzUITests */ = {
			isa = PBXNativeTarget;
			buildConfigurationList = 6343CDD4274EF8BE008B2140 /* Build configuration list for PBXNativeTarget "TagzUITests" */;
			buildPhases = (
				6343CDC0274EF8BE008B2140 /* Sources */,
				6343CDC1274EF8BE008B2140 /* Frameworks */,
				6343CDC2274EF8BE008B2140 /* Resources */,
			);
			buildRules = (
			);
			dependencies = (
				6343CDC6274EF8BE008B2140 /* PBXTargetDependency */,
			);
			name = TagzUITests;
			productName = TagzUITests;
			productReference = 6343CDC4274EF8BE008B2140 /* TagzUITests.xctest */;
			productType = "com.apple.product-type.bundle.ui-testing";
		};
/* End PBXNativeTarget section */

/* Begin PBXProject section */
		6343CD99274EF8BB008B2140 /* Project object */ = {
			isa = PBXProject;
			attributes = {
				BuildIndependentTargetsInParallel = 1;
				LastSwiftUpdateCheck = 1310;
				LastUpgradeCheck = 1310;
				TargetAttributes = {
					6343CDA0274EF8BB008B2140 = {
						CreatedOnToolsVersion = 13.1;
					};
					6343CDB9274EF8BE008B2140 = {
						CreatedOnToolsVersion = 13.1;
						TestTargetID = 6343CDA0274EF8BB008B2140;
					};
					6343CDC3274EF8BE008B2140 = {
						CreatedOnToolsVersion = 13.1;
						TestTargetID = 6343CDA0274EF8BB008B2140;
					};
				};
			};
			buildConfigurationList = 6343CD9C274EF8BB008B2140 /* Build configuration list for PBXProject "Tagz" */;
			compatibilityVersion = "Xcode 13.0";
			developmentRegion = en;
			hasScannedForEncodings = 0;
			knownRegions = (
				en,
				Base,
			);
			mainGroup = 6343CD98274EF8BB008B2140;
			productRefGroup = 6343CDA2274EF8BB008B2140 /* Products */;
			projectDirPath = "";
			projectRoot = "";
			targets = (
				6343CDA0274EF8BB008B2140 /* Tagz */,
				6343CDB9274EF8BE008B2140 /* TagzTests */,
				6343CDC3274EF8BE008B2140 /* TagzUITests */,
			);
		};
/* End PBXProject section */

/* Begin PBXResourcesBuildPhase section */
		6343CD9F274EF8BB008B2140 /* Resources */ = {
			isa = PBXResourcesBuildPhase;
			buildActionMask = 2147483647;
			files = (
				634C7F6327581AB1006900FB /* GameOver.sks in Resources */,
				6343CDB0274EF8BB008B2140 /* Main.storyboard in Resources */,
				6343CDA7274EF8BB008B2140 /* GameScene.sks in Resources */,
				6343CDB2274EF8BD008B2140 /* Assets.xcassets in Resources */,
				6343CDB5274EF8BD008B2140 /* LaunchScreen.storyboard in Resources */,
				6343CDA9274EF8BB008B2140 /* Actions.sks in Resources */,
			);
			runOnlyForDeploymentPostprocessing = 0;
		};
		6343CDB8274EF8BE008B2140 /* Resources */ = {
			isa = PBXResourcesBuildPhase;
			buildActionMask = 2147483647;
			files = (
			);
			runOnlyForDeploymentPostprocessing = 0;
		};
		6343CDC2274EF8BE008B2140 /* Resources */ = {
			isa = PBXResourcesBuildPhase;
			buildActionMask = 2147483647;
			files = (
			);
			runOnlyForDeploymentPostprocessing = 0;
		};
/* End PBXResourcesBuildPhase section */

/* Begin PBXSourcesBuildPhase section */
		6343CD9D274EF8BB008B2140 /* Sources */ = {
			isa = PBXSourcesBuildPhase;
			buildActionMask = 2147483647;
			files = (
				634C7F6527581C6A006900FB /* GameOverScene.swift in Sources */,
				6343CDAB274EF8BB008B2140 /* GameScene.swift in Sources */,
				6343CDD8274EFF41008B2140 /* AnalogJoystick.swift in Sources */,
				6343CDAD274EF8BB008B2140 /* GameViewController.swift in Sources */,
				6343CDA5274EF8BB008B2140 /* AppDelegate.swift in Sources */,
			);
			runOnlyForDeploymentPostprocessing = 0;
		};
		6343CDB6274EF8BE008B2140 /* Sources */ = {
			isa = PBXSourcesBuildPhase;
			buildActionMask = 2147483647;
			files = (
				6343CDBF274EF8BE008B2140 /* TagzTests.swift in Sources */,
			);
			runOnlyForDeploymentPostprocessing = 0;
		};
		6343CDC0274EF8BE008B2140 /* Sources */ = {
			isa = PBXSourcesBuildPhase;
			buildActionMask = 2147483647;
			files = (
				6343CDCB274EF8BE008B2140 /* TagzUITestsLaunchTests.swift in Sources */,
				6343CDC9274EF8BE008B2140 /* TagzUITests.swift in Sources */,
			);
			runOnlyForDeploymentPostprocessing = 0;
		};
/* End PBXSourcesBuildPhase section */

/* Begin PBXTargetDependency section */
		6343CDBC274EF8BE008B2140 /* PBXTargetDependency */ = {
			isa = PBXTargetDependency;
			target = 6343CDA0274EF8BB008B2140 /* Tagz */;
			targetProxy = 6343CDBB274EF8BE008B2140 /* PBXContainerItemProxy */;
		};
		6343CDC6274EF8BE008B2140 /* PBXTargetDependency */ = {
			isa = PBXTargetDependency;
			target = 6343CDA0274EF8BB008B2140 /* Tagz */;
			targetProxy = 6343CDC5274EF8BE008B2140 /* PBXContainerItemProxy */;
		};
/* End PBXTargetDependency section */

/* Begin PBXVariantGroup section */
		6343CDAE274EF8BB008B2140 /* Main.storyboard */ = {
			isa = PBXVariantGroup;
			children = (
				6343CDAF274EF8BB008B2140 /* Base */,
			);
			name = Main.storyboard;
			sourceTree = "<group>";
		};
		6343CDB3274EF8BD008B2140 /* LaunchScreen.storyboard */ = {
			isa = PBXVariantGroup;
			children = (
				6343CDB4274EF8BD008B2140 /* Base */,
			);
			name = LaunchScreen.storyboard;
			sourceTree = "<group>";
		};
/* End PBXVariantGroup section */

/* Begin XCBuildConfiguration section */
		6343CDCC274EF8BE008B2140 /* Debug */ = {
			isa = XCBuildConfiguration;
			buildSettings = {
				ALWAYS_SEARCH_USER_PATHS = NO;
				CLANG_ANALYZER_NONNULL = YES;
				CLANG_ANALYZER_NUMBER_OBJECT_CONVERSION = YES_AGGRESSIVE;
				CLANG_CXX_LANGUAGE_STANDARD = "gnu++17";
				CLANG_CXX_LIBRARY = "libc++";
				CLANG_ENABLE_MODULES = YES;
				CLANG_ENABLE_OBJC_ARC = YES;
				CLANG_ENABLE_OBJC_WEAK = YES;
				CLANG_WARN_BLOCK_CAPTURE_AUTORELEASING = YES;
				CLANG_WARN_BOOL_CONVERSION = YES;
				CLANG_WARN_COMMA = YES;
				CLANG_WARN_CONSTANT_CONVERSION = YES;
				CLANG_WARN_DEPRECATED_OBJC_IMPLEMENTATIONS = YES;
				CLANG_WARN_DIRECT_OBJC_ISA_USAGE = YES_ERROR;
				CLANG_WARN_DOCUMENTATION_COMMENTS = YES;
				CLANG_WARN_EMPTY_BODY = YES;
				CLANG_WARN_ENUM_CONVERSION = YES;
				CLANG_WARN_INFINITE_RECURSION = YES;
				CLANG_WARN_INT_CONVERSION = YES;
				CLANG_WARN_NON_LITERAL_NULL_CONVERSION = YES;
				CLANG_WARN_OBJC_IMPLICIT_RETAIN_SELF = YES;
				CLANG_WARN_OBJC_LITERAL_CONVERSION = YES;
				CLANG_WARN_OBJC_ROOT_CLASS = YES_ERROR;
				CLANG_WARN_QUOTED_INCLUDE_IN_FRAMEWORK_HEADER = YES;
				CLANG_WARN_RANGE_LOOP_ANALYSIS = YES;
				CLANG_WARN_STRICT_PROTOTYPES = YES;
				CLANG_WARN_SUSPICIOUS_MOVE = YES;
				CLANG_WARN_UNGUARDED_AVAILABILITY = YES_AGGRESSIVE;
				CLANG_WARN_UNREACHABLE_CODE = YES;
				CLANG_WARN__DUPLICATE_METHOD_MATCH = YES;
				COPY_PHASE_STRIP = NO;
				DEBUG_INFORMATION_FORMAT = dwarf;
				ENABLE_STRICT_OBJC_MSGSEND = YES;
				ENABLE_TESTABILITY = YES;
				GCC_C_LANGUAGE_STANDARD = gnu11;
				GCC_DYNAMIC_NO_PIC = NO;
				GCC_NO_COMMON_BLOCKS = YES;
				GCC_OPTIMIZATION_LEVEL = 0;
				GCC_PREPROCESSOR_DEFINITIONS = (
					"DEBUG=1",
					"$(inherited)",
				);
				GCC_WARN_64_TO_32_BIT_CONVERSION = YES;
				GCC_WARN_ABOUT_RETURN_TYPE = YES_ERROR;
				GCC_WARN_UNDECLARED_SELECTOR = YES;
				GCC_WARN_UNINITIALIZED_AUTOS = YES_AGGRESSIVE;
				GCC_WARN_UNUSED_FUNCTION = YES;
				GCC_WARN_UNUSED_VARIABLE = YES;
				IPHONEOS_DEPLOYMENT_TARGET = 15.0;
				MTL_ENABLE_DEBUG_INFO = INCLUDE_SOURCE;
				MTL_FAST_MATH = YES;
				ONLY_ACTIVE_ARCH = YES;
				SDKROOT = iphoneos;
				SWIFT_ACTIVE_COMPILATION_CONDITIONS = DEBUG;
				SWIFT_OPTIMIZATION_LEVEL = "-Onone";
			};
			name = Debug;
		};
		6343CDCD274EF8BE008B2140 /* Release */ = {
			isa = XCBuildConfiguration;
			buildSettings = {
				ALWAYS_SEARCH_USER_PATHS = NO;
				CLANG_ANALYZER_NONNULL = YES;
				CLANG_ANALYZER_NUMBER_OBJECT_CONVERSION = YES_AGGRESSIVE;
				CLANG_CXX_LANGUAGE_STANDARD = "gnu++17";
				CLANG_CXX_LIBRARY = "libc++";
				CLANG_ENABLE_MODULES = YES;
				CLANG_ENABLE_OBJC_ARC = YES;
				CLANG_ENABLE_OBJC_WEAK = YES;
				CLANG_WARN_BLOCK_CAPTURE_AUTORELEASING = YES;
				CLANG_WARN_BOOL_CONVERSION = YES;
				CLANG_WARN_COMMA = YES;
				CLANG_WARN_CONSTANT_CONVERSION = YES;
				CLANG_WARN_DEPRECATED_OBJC_IMPLEMENTATIONS = YES;
				CLANG_WARN_DIRECT_OBJC_ISA_USAGE = YES_ERROR;
				CLANG_WARN_DOCUMENTATION_COMMENTS = YES;
				CLANG_WARN_EMPTY_BODY = YES;
				CLANG_WARN_ENUM_CONVERSION = YES;
				CLANG_WARN_INFINITE_RECURSION = YES;
				CLANG_WARN_INT_CONVERSION = YES;
				CLANG_WARN_NON_LITERAL_NULL_CONVERSION = YES;
				CLANG_WARN_OBJC_IMPLICIT_RETAIN_SELF = YES;
				CLANG_WARN_OBJC_LITERAL_CONVERSION = YES;
				CLANG_WARN_OBJC_ROOT_CLASS = YES_ERROR;
				CLANG_WARN_QUOTED_INCLUDE_IN_FRAMEWORK_HEADER = YES;
				CLANG_WARN_RANGE_LOOP_ANALYSIS = YES;
				CLANG_WARN_STRICT_PROTOTYPES = YES;
				CLANG_WARN_SUSPICIOUS_MOVE = YES;
				CLANG_WARN_UNGUARDED_AVAILABILITY = YES_AGGRESSIVE;
				CLANG_WARN_UNREACHABLE_CODE = YES;
				CLANG_WARN__DUPLICATE_METHOD_MATCH = YES;
				COPY_PHASE_STRIP = NO;
				DEBUG_INFORMATION_FORMAT = "dwarf-with-dsym";
				ENABLE_NS_ASSERTIONS = NO;
				ENABLE_STRICT_OBJC_MSGSEND = YES;
				GCC_C_LANGUAGE_STANDARD = gnu11;
				GCC_NO_COMMON_BLOCKS = YES;
				GCC_WARN_64_TO_32_BIT_CONVERSION = YES;
				GCC_WARN_ABOUT_RETURN_TYPE = YES_ERROR;
				GCC_WARN_UNDECLARED_SELECTOR = YES;
				GCC_WARN_UNINITIALIZED_AUTOS = YES_AGGRESSIVE;
				GCC_WARN_UNUSED_FUNCTION = YES;
				GCC_WARN_UNUSED_VARIABLE = YES;
				IPHONEOS_DEPLOYMENT_TARGET = 15.0;
				MTL_ENABLE_DEBUG_INFO = NO;
				MTL_FAST_MATH = YES;
				SDKROOT = iphoneos;
				SWIFT_COMPILATION_MODE = wholemodule;
				SWIFT_OPTIMIZATION_LEVEL = "-O";
				VALIDATE_PRODUCT = YES;
			};
			name = Release;
		};
		6343CDCF274EF8BE008B2140 /* Debug */ = {
			isa = XCBuildConfiguration;
			buildSettings = {
				ASSETCATALOG_COMPILER_APPICON_NAME = AppIcon;
				ASSETCATALOG_COMPILER_GLOBAL_ACCENT_COLOR_NAME = AccentColor;
				CODE_SIGN_STYLE = Automatic;
				CURRENT_PROJECT_VERSION = 1;
				GENERATE_INFOPLIST_FILE = YES;
				INFOPLIST_KEY_UIApplicationSupportsIndirectInputEvents = YES;
				INFOPLIST_KEY_UILaunchStoryboardName = LaunchScreen;
				INFOPLIST_KEY_UIMainStoryboardFile = Main;
				INFOPLIST_KEY_UIStatusBarHidden = YES;
				INFOPLIST_KEY_UISupportedInterfaceOrientations_iPad = "UIInterfaceOrientationPortrait UIInterfaceOrientationPortraitUpsideDown UIInterfaceOrientationLandscapeLeft UIInterfaceOrientationLandscapeRight";
				INFOPLIST_KEY_UISupportedInterfaceOrientations_iPhone = "UIInterfaceOrientationPortrait UIInterfaceOrientationLandscapeLeft UIInterfaceOrientationLandscapeRight";
				LD_RUNPATH_SEARCH_PATHS = (
					"$(inherited)",
					"@executable_path/Frameworks",
				);
				MARKETING_VERSION = 1.0;
				PRODUCT_BUNDLE_IDENTIFIER = "Alberto-Dominguez.Tagz";
				PRODUCT_NAME = "$(TARGET_NAME)";
				SWIFT_EMIT_LOC_STRINGS = YES;
				SWIFT_VERSION = 5.0;
				TARGETED_DEVICE_FAMILY = "1,2";
			};
			name = Debug;
		};
		6343CDD0274EF8BE008B2140 /* Release */ = {
			isa = XCBuildConfiguration;
			buildSettings = {
				ASSETCATALOG_COMPILER_APPICON_NAME = AppIcon;
				ASSETCATALOG_COMPILER_GLOBAL_ACCENT_COLOR_NAME = AccentColor;
				CODE_SIGN_STYLE = Automatic;
				CURRENT_PROJECT_VERSION = 1;
				GENERATE_INFOPLIST_FILE = YES;
				INFOPLIST_KEY_UIApplicationSupportsIndirectInputEvents = YES;
				INFOPLIST_KEY_UILaunchStoryboardName = LaunchScreen;
				INFOPLIST_KEY_UIMainStoryboardFile = Main;
				INFOPLIST_KEY_UIStatusBarHidden = YES;
				INFOPLIST_KEY_UISupportedInterfaceOrientations_iPad = "UIInterfaceOrientationPortrait UIInterfaceOrientationPortraitUpsideDown UIInterfaceOrientationLandscapeLeft UIInterfaceOrientationLandscapeRight";
				INFOPLIST_KEY_UISupportedInterfaceOrientations_iPhone = "UIInterfaceOrientationPortrait UIInterfaceOrientationLandscapeLeft UIInterfaceOrientationLandscapeRight";
				LD_RUNPATH_SEARCH_PATHS = (
					"$(inherited)",
					"@executable_path/Frameworks",
				);
				MARKETING_VERSION = 1.0;
				PRODUCT_BUNDLE_IDENTIFIER = "Alberto-Dominguez.Tagz";
				PRODUCT_NAME = "$(TARGET_NAME)";
				SWIFT_EMIT_LOC_STRINGS = YES;
				SWIFT_VERSION = 5.0;
				TARGETED_DEVICE_FAMILY = "1,2";
			};
			name = Release;
		};
		6343CDD2274EF8BE008B2140 /* Debug */ = {
			isa = XCBuildConfiguration;
			buildSettings = {
				ALWAYS_EMBED_SWIFT_STANDARD_LIBRARIES = YES;
				BUNDLE_LOADER = "$(TEST_HOST)";
				CODE_SIGN_STYLE = Automatic;
				CURRENT_PROJECT_VERSION = 1;
				GENERATE_INFOPLIST_FILE = YES;
				IPHONEOS_DEPLOYMENT_TARGET = 15.0;
				LD_RUNPATH_SEARCH_PATHS = (
					"$(inherited)",
					"@executable_path/Frameworks",
					"@loader_path/Frameworks",
				);
				MARKETING_VERSION = 1.0;
				PRODUCT_BUNDLE_IDENTIFIER = "Alberto-Dominguez.TagzTests";
				PRODUCT_NAME = "$(TARGET_NAME)";
				SWIFT_EMIT_LOC_STRINGS = NO;
				SWIFT_VERSION = 5.0;
				TARGETED_DEVICE_FAMILY = "1,2";
				TEST_HOST = "$(BUILT_PRODUCTS_DIR)/Tagz.app/Tagz";
			};
			name = Debug;
		};
		6343CDD3274EF8BE008B2140 /* Release */ = {
			isa = XCBuildConfiguration;
			buildSettings = {
				ALWAYS_EMBED_SWIFT_STANDARD_LIBRARIES = YES;
				BUNDLE_LOADER = "$(TEST_HOST)";
				CODE_SIGN_STYLE = Automatic;
				CURRENT_PROJECT_VERSION = 1;
				GENERATE_INFOPLIST_FILE = YES;
				IPHONEOS_DEPLOYMENT_TARGET = 15.0;
				LD_RUNPATH_SEARCH_PATHS = (
					"$(inherited)",
					"@executable_path/Frameworks",
					"@loader_path/Frameworks",
				);
				MARKETING_VERSION = 1.0;
				PRODUCT_BUNDLE_IDENTIFIER = "Alberto-Dominguez.TagzTests";
				PRODUCT_NAME = "$(TARGET_NAME)";
				SWIFT_EMIT_LOC_STRINGS = NO;
				SWIFT_VERSION = 5.0;
				TARGETED_DEVICE_FAMILY = "1,2";
				TEST_HOST = "$(BUILT_PRODUCTS_DIR)/Tagz.app/Tagz";
			};
			name = Release;
		};
		6343CDD5274EF8BE008B2140 /* Debug */ = {
			isa = XCBuildConfiguration;
			buildSettings = {
				ALWAYS_EMBED_SWIFT_STANDARD_LIBRARIES = YES;
				CODE_SIGN_STYLE = Automatic;
				CURRENT_PROJECT_VERSION = 1;
				GENERATE_INFOPLIST_FILE = YES;
				LD_RUNPATH_SEARCH_PATHS = (
					"$(inherited)",
					"@executable_path/Frameworks",
					"@loader_path/Frameworks",
				);
				MARKETING_VERSION = 1.0;
				PRODUCT_BUNDLE_IDENTIFIER = "Alberto-Dominguez.TagzUITests";
				PRODUCT_NAME = "$(TARGET_NAME)";
				SWIFT_EMIT_LOC_STRINGS = NO;
				SWIFT_VERSION = 5.0;
				TARGETED_DEVICE_FAMILY = "1,2";
				TEST_TARGET_NAME = Tagz;
			};
			name = Debug;
		};
		6343CDD6274EF8BE008B2140 /* Release */ = {
			isa = XCBuildConfiguration;
			buildSettings = {
				ALWAYS_EMBED_SWIFT_STANDARD_LIBRARIES = YES;
				CODE_SIGN_STYLE = Automatic;
				CURRENT_PROJECT_VERSION = 1;
				GENERATE_INFOPLIST_FILE = YES;
				LD_RUNPATH_SEARCH_PATHS = (
					"$(inherited)",
					"@executable_path/Frameworks",
					"@loader_path/Frameworks",
				);
				MARKETING_VERSION = 1.0;
				PRODUCT_BUNDLE_IDENTIFIER = "Alberto-Dominguez.TagzUITests";
				PRODUCT_NAME = "$(TARGET_NAME)";
				SWIFT_EMIT_LOC_STRINGS = NO;
				SWIFT_VERSION = 5.0;
				TARGETED_DEVICE_FAMILY = "1,2";
				TEST_TARGET_NAME = Tagz;
			};
			name = Release;
		};
/* End XCBuildConfiguration section */

/* Begin XCConfigurationList section */
		6343CD9C274EF8BB008B2140 /* Build configuration list for PBXProject "Tagz" */ = {
			isa = XCConfigurationList;
			buildConfigurations = (
				6343CDCC274EF8BE008B2140 /* Debug */,
				6343CDCD274EF8BE008B2140 /* Release */,
			);
			defaultConfigurationIsVisible = 0;
			defaultConfigurationName = Release;
		};
		6343CDCE274EF8BE008B2140 /* Build configuration list for PBXNativeTarget "Tagz" */ = {
			isa = XCConfigurationList;
			buildConfigurations = (
				6343CDCF274EF8BE008B2140 /* Debug */,
				6343CDD0274EF8BE008B2140 /* Release */,
			);
			defaultConfigurationIsVisible = 0;
			defaultConfigurationName = Release;
		};
		6343CDD1274EF8BE008B2140 /* Build configuration list for PBXNativeTarget "TagzTests" */ = {
			isa = XCConfigurationList;
			buildConfigurations = (
				6343CDD2274EF8BE008B2140 /* Debug */,
				6343CDD3274EF8BE008B2140 /* Release */,
			);
			defaultConfigurationIsVisible = 0;
			defaultConfigurationName = Release;
		};
		6343CDD4274EF8BE008B2140 /* Build configuration list for PBXNativeTarget "TagzUITests" */ = {
			isa = XCConfigurationList;
			buildConfigurations = (
				6343CDD5274EF8BE008B2140 /* Debug */,
				6343CDD6274EF8BE008B2140 /* Release */,
			);
			defaultConfigurationIsVisible = 0;
			defaultConfigurationName = Release;
		};
/* End XCConfigurationList section */
	};
	rootObject = 6343CD99274EF8BB008B2140 /* Project object */;
}
